
Microsoft Visual Studio Solution File, Format Version 12.00
# Visual Studio Version 17
VisualStudioVersion = 17.8.34322.80
MinimumVisualStudioVersion = 10.0.40219.1
Project("{FAE04EC0-301F-11D3-BF4B-00C04F79EFBC}") = "dashboard", "dashboard.csproj", "{4685D284-E774-480E-8B1D-BC449EA00CF0}"
EndProject
Global
	GlobalSection(SolutionConfigurationPlatforms) = preSolution
		Debug|Any CPU = Debug|Any CPU
		Release|Any CPU = Release|Any CPU
	EndGlobalSection
	GlobalSection(ProjectConfigurationPlatforms) = postSolution
		{4685D284-E774-480E-8B1D-BC449EA00CF0}.Debug|Any CPU.ActiveCfg = Debug|Any CPU
		{4685D284-E774-480E-8B1D-BC449EA00CF0}.Debug|Any CPU.Build.0 = Debug|Any CPU
		{4685D284-E774-480E-8B1D-BC449EA00CF0}.Release|Any CPU.ActiveCfg = Release|Any CPU
		{4685D284-E774-480E-8B1D-BC449EA00CF0}.Release|Any CPU.Build.0 = Release|Any CPU
	EndGlobalSection
	GlobalSection(SolutionProperties) = preSolution
		HideSolutionNode = FALSE
	EndGlobalSection
	GlobalSection(ExtensibilityGlobals) = postSolution
		SolutionGuid = {B1001236-921B-4402-A797-87F0A296F6AB}
	EndGlobalSection
EndGlobal
